
Microsoft Visual Studio Solution File, Format Version 12.00
# Visual Studio Version 17
VisualStudioVersion = 17.4.33205.214
MinimumVisualStudioVersion = 10.0.40219.1
Project("{9A19103F-16F7-4668-BE54-9A1E7A4F7556}") = "brazenborderlands", "brazenborderlands\brazenborderlands.csproj", "{3EFA1168-345F-41C5-A806-C4925BEDEA10}"
EndProject
Global
	GlobalSection(SolutionConfigurationPlatforms) = preSolution
		Debug|Any CPU = Debug|Any CPU
		Release|Any CPU = Release|Any CPU
	EndGlobalSection
	GlobalSection(ProjectConfigurationPlatforms) = postSolution
		{3EFA1168-345F-41C5-A806-C4925BEDEA10}.Debug|Any CPU.ActiveCfg = Debug|Any CPU
		{3EFA1168-345F-41C5-A806-C4925BEDEA10}.Debug|Any CPU.Build.0 = Debug|Any CPU
		{3EFA1168-345F-41C5-A806-C4925BEDEA10}.Release|Any CPU.ActiveCfg = Release|Any CPU
		{3EFA1168-345F-41C5-A806-C4925BEDEA10}.Release|Any CPU.Build.0 = Release|Any CPU
	EndGlobalSection
	GlobalSection(SolutionProperties) = preSolution
		HideSolutionNode = FALSE
	EndGlobalSection
	GlobalSection(ExtensibilityGlobals) = postSolution
		SolutionGuid = {35826259-79D8-42BC-8F12-CAE03DCC0809}
	EndGlobalSection
EndGlobal
